// !$*UTF8*$!
{
	archiveVersion = 1;
	classes = {
	};
	objectVersion = 50;
	objects = {

/* Begin PBXBuildFile section */
		9C95F0B323BD6074007199D4 /* AppDelegate.swift in Sources */ = {isa = PBXBuildFile; fileRef = 9C95F0B223BD6074007199D4 /* AppDelegate.swift */; };
		9C95F0B523BD6074007199D4 /* SceneDelegate.swift in Sources */ = {isa = PBXBuildFile; fileRef = 9C95F0B423BD6074007199D4 /* SceneDelegate.swift */; };
		9C95F0B923BD607A007199D4 /* Assets.xcassets in Resources */ = {isa = PBXBuildFile; fileRef = 9C95F0B823BD607A007199D4 /* Assets.xcassets */; };
		9C95F0BF23BD607A007199D4 /* LaunchScreen.storyboard in Resources */ = {isa = PBXBuildFile; fileRef = 9C95F0BD23BD607A007199D4 /* LaunchScreen.storyboard */; };
		9C95F0C723BD60BC007199D4 /* SortingTableViewController.swift in Sources */ = {isa = PBXBuildFile; fileRef = 9C95F0C623BD60BC007199D4 /* SortingTableViewController.swift */; };
		9C95F0C923BD6137007199D4 /* Item.swift in Sources */ = {isa = PBXBuildFile; fileRef = 9C95F0C823BD6137007199D4 /* Item.swift */; };
/* End PBXBuildFile section */

/* Begin PBXFileReference section */
		9C95F0AF23BD6074007199D4 /* DiffableDataSourceSample.app */ = {isa = PBXFileReference; explicitFileType = wrapper.application; includeInIndex = 0; path = DiffableDataSourceSample.app; sourceTree = BUILT_PRODUCTS_DIR; };
		9C95F0B223BD6074007199D4 /* AppDelegate.swift */ = {isa = PBXFileReference; lastKnownFileType = sourcecode.swift; path = AppDelegate.swift; sourceTree = "<group>"; };
		9C95F0B423BD6074007199D4 /* SceneDelegate.swift */ = {isa = PBXFileReference; lastKnownFileType = sourcecode.swift; path = SceneDelegate.swift; sourceTree = "<group>"; };
		9C95F0B823BD607A007199D4 /* Assets.xcassets */ = {isa = PBXFileReference; lastKnownFileType = folder.assetcatalog; path = Assets.xcassets; sourceTree = "<group>"; };
		9C95F0BE23BD607A007199D4 /* Base */ = {isa = PBXFileReference; lastKnownFileType = file.storyboard; name = Base; path = Base.lproj/LaunchScreen.storyboard; sourceTree = "<group>"; };
		9C95F0C023BD607A007199D4 /* Info.plist */ = {isa = PBXFileReference; lastKnownFileType = text.plist.xml; path = Info.plist; sourceTree = "<group>"; };
		9C95F0C623BD60BC007199D4 /* SortingTableViewController.swift */ = {isa = PBXFileReference; lastKnownFileType = sourcecode.swift; path = SortingTableViewController.swift; sourceTree = "<group>"; };
		9C95F0C823BD6137007199D4 /* Item.swift */ = {isa = PBXFileReference; lastKnownFileType = sourcecode.swift; path = Item.swift; sourceTree = "<group>"; };
/* End PBXFileReference section */

/* Begin PBXFrameworksBuildPhase section */
		9C95F0AC23BD6074007199D4 /* Frameworks */ = {
			isa = PBXFrameworksBuildPhase;
			buildActionMask = 2147483647;
			files = (
			);
			runOnlyForDeploymentPostprocessing = 0;
		};
/* End PBXFrameworksBuildPhase section */

/* Begin PBXGroup section */
		9C95F0A623BD6074007199D4 = {
			isa = PBXGroup;
			children = (
				9C95F0B123BD6074007199D4 /* DiffableDataSourceSample */,
				9C95F0B023BD6074007199D4 /* Products */,
			);
			sourceTree = "<group>";
		};
		9C95F0B023BD6074007199D4 /* Products */ = {
			isa = PBXGroup;
			children = (
				9C95F0AF23BD6074007199D4 /* DiffableDataSourceSample.app */,
			);
			name = Products;
			sourceTree = "<group>";
		};
		9C95F0B123BD6074007199D4 /* DiffableDataSourceSample */ = {
			isa = PBXGroup;
			children = (
				9C95F0CA23BD61F2007199D4 /* Preview Content */,
				9C95F0B223BD6074007199D4 /* AppDelegate.swift */,
				9C95F0B423BD6074007199D4 /* SceneDelegate.swift */,
				9C95F0C623BD60BC007199D4 /* SortingTableViewController.swift */,
				9C95F0C823BD6137007199D4 /* Item.swift */,
				9C95F0B823BD607A007199D4 /* Assets.xcassets */,
				9C95F0BD23BD607A007199D4 /* LaunchScreen.storyboard */,
				9C95F0C023BD607A007199D4 /* Info.plist */,
			);
			path = DiffableDataSourceSample;
			sourceTree = "<group>";
		};
		9C95F0CA23BD61F2007199D4 /* Preview Content */ = {
			isa = PBXGroup;
			children = (
			);
			path = "Preview Content";
			sourceTree = "<group>";
		};
/* End PBXGroup section */

/* Begin PBXNativeTarget section */
		9C95F0AE23BD6074007199D4 /* DiffableDataSourceSample */ = {
			isa = PBXNativeTarget;
			buildConfigurationList = 9C95F0C323BD607A007199D4 /* Build configuration list for PBXNativeTarget "DiffableDataSourceSample" */;
			buildPhases = (
				9C95F0AB23BD6074007199D4 /* Sources */,
				9C95F0AC23BD6074007199D4 /* Frameworks */,
				9C95F0AD23BD6074007199D4 /* Resources */,
			);
			buildRules = (
			);
			dependencies = (
			);
			name = DiffableDataSourceSample;
			productName = DiffableDataSourceSample;
			productReference = 9C95F0AF23BD6074007199D4 /* DiffableDataSourceSample.app */;
			productType = "com.apple.product-type.application";
		};
/* End PBXNativeTarget section */

/* Begin PBXProject section */
		9C95F0A723BD6074007199D4 /* Project object */ = {
			isa = PBXProject;
			attributes = {
				LastSwiftUpdateCheck = 1130;
				LastUpgradeCheck = 1130;
				ORGANIZATIONNAME = "Kevin Clark";
				TargetAttributes = {
					9C95F0AE23BD6074007199D4 = {
						CreatedOnToolsVersion = 11.3;
					};
				};
			};
			buildConfigurationList = 9C95F0AA23BD6074007199D4 /* Build configuration list for PBXProject "DiffableDataSourceSample" */;
			compatibilityVersion = "Xcode 9.3";
			developmentRegion = en;
			hasScannedForEncodings = 0;
			knownRegions = (
				en,
				Base,
			);
			mainGroup = 9C95F0A623BD6074007199D4;
			productRefGroup = 9C95F0B023BD6074007199D4 /* Products */;
			projectDirPath = "";
			projectRoot = "";
			targets = (
				9C95F0AE23BD6074007199D4 /* DiffableDataSourceSample */,
			);
		};
/* End PBXProject section */

/* Begin PBXResourcesBuildPhase section */
		9C95F0AD23BD6074007199D4 /* Resources */ = {
			isa = PBXResourcesBuildPhase;
			buildActionMask = 2147483647;
			files = (
				9C95F0BF23BD607A007199D4 /* LaunchScreen.storyboard in Resources */,
				9C95F0B923BD607A007199D4 /* Assets.xcassets in Resources */,
			);
			runOnlyForDeploymentPostprocessing = 0;
		};
/* End PBXResourcesBuildPhase section */

/* Begin PBXSourcesBuildPhase section */
		9C95F0AB23BD6074007199D4 /* Sources */ = {
			isa = PBXSourcesBuildPhase;
			buildActionMask = 2147483647;
			files = (
				9C95F0C923BD6137007199D4 /* Item.swift in Sources */,
				9C95F0C723BD60BC007199D4 /* SortingTableViewController.swift in Sources */,
				9C95F0B323BD6074007199D4 /* AppDelegate.swift in Sources */,
				9C95F0B523BD6074007199D4 /* SceneDelegate.swift in Sources */,
			);
			runOnlyForDeploymentPostprocessing = 0;
		};
/* End PBXSourcesBuildPhase section */

/* Begin PBXVariantGroup section */
		9C95F0BD23BD607A007199D4 /* LaunchScreen.storyboard */ = {
			isa = PBXVariantGroup;
			children = (
				9C95F0BE23BD607A007199D4 /* Base */,
			);
			name = LaunchScreen.storyboard;
			sourceTree = "<group>";
		};
/* End PBXVariantGroup section */

/* Begin XCBuildConfiguration section */
		9C95F0C123BD607A007199D4 /* Debug */ = {
			isa = XCBuildConfiguration;
			buildSettings = {
				ALWAYS_SEARCH_USER_PATHS = NO;
				CLANG_ANALYZER_NONNULL = YES;
				CLANG_ANALYZER_NUMBER_OBJECT_CONVERSION = YES_AGGRESSIVE;
				CLANG_CXX_LANGUAGE_STANDARD = "gnu++14";
				CLANG_CXX_LIBRARY = "libc++";
				CLANG_ENABLE_MODULES = YES;
				CLANG_ENABLE_OBJC_ARC = YES;
				CLANG_ENABLE_OBJC_WEAK = YES;
				CLANG_WARN_BLOCK_CAPTURE_AUTORELEASING = YES;
				CLANG_WARN_BOOL_CONVERSION = YES;
				CLANG_WARN_COMMA = YES;
				CLANG_WARN_CONSTANT_CONVERSION = YES;
				CLANG_WARN_DEPRECATED_OBJC_IMPLEMENTATIONS = YES;
				CLANG_WARN_DIRECT_OBJC_ISA_USAGE = YES_ERROR;
				CLANG_WARN_DOCUMENTATION_COMMENTS = YES;
				CLANG_WARN_EMPTY_BODY = YES;
				CLANG_WARN_ENUM_CONVERSION = YES;
				CLANG_WARN_INFINITE_RECURSION = YES;
				CLANG_WARN_INT_CONVERSION = YES;
				CLANG_WARN_NON_LITERAL_NULL_CONVERSION = YES;
				CLANG_WARN_OBJC_IMPLICIT_RETAIN_SELF = YES;
				CLANG_WARN_OBJC_LITERAL_CONVERSION = YES;
				CLANG_WARN_OBJC_ROOT_CLASS = YES_ERROR;
				CLANG_WARN_RANGE_LOOP_ANALYSIS = YES;
				CLANG_WARN_STRICT_PROTOTYPES = YES;
				CLANG_WARN_SUSPICIOUS_MOVE = YES;
				CLANG_WARN_UNGUARDED_AVAILABILITY = YES_AGGRESSIVE;
				CLANG_WARN_UNREACHABLE_CODE = YES;
				CLANG_WARN__DUPLICATE_METHOD_MATCH = YES;
				COPY_PHASE_STRIP = NO;
				DEBUG_INFORMATION_FORMAT = dwarf;
				ENABLE_STRICT_OBJC_MSGSEND = YES;
				ENABLE_TESTABILITY = YES;
				GCC_C_LANGUAGE_STANDARD = gnu11;
				GCC_DYNAMIC_NO_PIC = NO;
				GCC_NO_COMMON_BLOCKS = YES;
				GCC_OPTIMIZATION_LEVEL = 0;
				GCC_PREPROCESSOR_DEFINITIONS = (
					"DEBUG=1",
					"$(inherited)",
				);
				GCC_WARN_64_TO_32_BIT_CONVERSION = YES;
				GCC_WARN_ABOUT_RETURN_TYPE = YES_ERROR;
				GCC_WARN_UNDECLARED_SELECTOR = YES;
				GCC_WARN_UNINITIALIZED_AUTOS = YES_AGGRESSIVE;
				GCC_WARN_UNUSED_FUNCTION = YES;
				GCC_WARN_UNUSED_VARIABLE = YES;
				IPHONEOS_DEPLOYMENT_TARGET = 13.2;
				MTL_ENABLE_DEBUG_INFO = INCLUDE_SOURCE;
				MTL_FAST_MATH = YES;
				ONLY_ACTIVE_ARCH = YES;
				SDKROOT = iphoneos;
				SWIFT_ACTIVE_COMPILATION_CONDITIONS = DEBUG;
				SWIFT_OPTIMIZATION_LEVEL = "-Onone";
			};
			name = Debug;
		};
		9C95F0C223BD607A007199D4 /* Release */ = {
			isa = XCBuildConfiguration;
			buildSettings = {
				ALWAYS_SEARCH_USER_PATHS = NO;
				CLANG_ANALYZER_NONNULL = YES;
				CLANG_ANALYZER_NUMBER_OBJECT_CONVERSION = YES_AGGRESSIVE;
				CLANG_CXX_LANGUAGE_STANDARD = "gnu++14";
				CLANG_CXX_LIBRARY = "libc++";
				CLANG_ENABLE_MODULES = YES;
				CLANG_ENABLE_OBJC_ARC = YES;
				CLANG_ENABLE_OBJC_WEAK = YES;
				CLANG_WARN_BLOCK_CAPTURE_AUTORELEASING = YES;
				CLANG_WARN_BOOL_CONVERSION = YES;
				CLANG_WARN_COMMA = YES;
				CLANG_WARN_CONSTANT_CONVERSION = YES;
				CLANG_WARN_DEPRECATED_OBJC_IMPLEMENTATIONS = YES;
				CLANG_WARN_DIRECT_OBJC_ISA_USAGE = YES_ERROR;
				CLANG_WARN_DOCUMENTATION_COMMENTS = YES;
				CLANG_WARN_EMPTY_BODY = YES;
				CLANG_WARN_ENUM_CONVERSION = YES;
				CLANG_WARN_INFINITE_RECURSION = YES;
				CLANG_WARN_INT_CONVERSION = YES;
				CLANG_WARN_NON_LITERAL_NULL_CONVERSION = YES;
				CLANG_WARN_OBJC_IMPLICIT_RETAIN_SELF = YES;
				CLANG_WARN_OBJC_LITERAL_CONVERSION = YES;
				CLANG_WARN_OBJC_ROOT_CLASS = YES_ERROR;
				CLANG_WARN_RANGE_LOOP_ANALYSIS = YES;
				CLANG_WARN_STRICT_PROTOTYPES = YES;
				CLANG_WARN_SUSPICIOUS_MOVE = YES;
				CLANG_WARN_UNGUARDED_AVAILABILITY = YES_AGGRESSIVE;
				CLANG_WARN_UNREACHABLE_CODE = YES;
				CLANG_WARN__DUPLICATE_METHOD_MATCH = YES;
				COPY_PHASE_STRIP = NO;
				DEBUG_INFORMATION_FORMAT = "dwarf-with-dsym";
				ENABLE_NS_ASSERTIONS = NO;
				ENABLE_STRICT_OBJC_MSGSEND = YES;
				GCC_C_LANGUAGE_STANDARD = gnu11;
				GCC_NO_COMMON_BLOCKS = YES;
				GCC_WARN_64_TO_32_BIT_CONVERSION = YES;
				GCC_WARN_ABOUT_RETURN_TYPE = YES_ERROR;
				GCC_WARN_UNDECLARED_SELECTOR = YES;
				GCC_WARN_UNINITIALIZED_AUTOS = YES_AGGRESSIVE;
				GCC_WARN_UNUSED_FUNCTION = YES;
				GCC_WARN_UNUSED_VARIABLE = YES;
				IPHONEOS_DEPLOYMENT_TARGET = 13.2;
				MTL_ENABLE_DEBUG_INFO = NO;
				MTL_FAST_MATH = YES;
				SDKROOT = iphoneos;
				SWIFT_COMPILATION_MODE = wholemodule;
				SWIFT_OPTIMIZATION_LEVEL = "-O";
				VALIDATE_PRODUCT = YES;
			};
			name = Release;
		};
		9C95F0C423BD607A007199D4 /* Debug */ = {
			isa = XCBuildConfiguration;
			buildSettings = {
				ASSETCATALOG_COMPILER_APPICON_NAME = AppIcon;
				CODE_SIGN_STYLE = Automatic;
				DEVELOPMENT_ASSET_PATHS = "\"DiffableDataSourceSample/Preview Content\"";
				DEVELOPMENT_TEAM = 9DW5Q9T99C;
				ENABLE_PREVIEWS = YES;
				INFOPLIST_FILE = DiffableDataSourceSample/Info.plist;
				LD_RUNPATH_SEARCH_PATHS = (
					"$(inherited)",
					"@executable_path/Frameworks",
				);
				PRODUCT_BUNDLE_IDENTIFIER = com.kevinclark.DiffableDataSourceSample;
				PRODUCT_NAME = "$(TARGET_NAME)";
				SWIFT_VERSION = 5.0;
				TARGETED_DEVICE_FAMILY = "1,2";
			};
			name = Debug;
		};
		9C95F0C523BD607A007199D4 /* Release */ = {
			isa = XCBuildConfiguration;
			buildSettings = {
				ASSETCATALOG_COMPILER_APPICON_NAME = AppIcon;
				CODE_SIGN_STYLE = Automatic;
				DEVELOPMENT_ASSET_PATHS = "\"DiffableDataSourceSample/Preview Content\"";
				DEVELOPMENT_TEAM = 9DW5Q9T99C;
				ENABLE_PREVIEWS = YES;
				INFOPLIST_FILE = DiffableDataSourceSample/Info.plist;
				LD_RUNPATH_SEARCH_PATHS = (
					"$(inherited)",
					"@executable_path/Frameworks",
				);
				PRODUCT_BUNDLE_IDENTIFIER = com.kevinclark.DiffableDataSourceSample;
				PRODUCT_NAME = "$(TARGET_NAME)";
				SWIFT_VERSION = 5.0;
				TARGETED_DEVICE_FAMILY = "1,2";
			};
			name = Release;
		};
/* End XCBuildConfiguration section */

/* Begin XCConfigurationList section */
		9C95F0AA23BD6074007199D4 /* Build configuration list for PBXProject "DiffableDataSourceSample" */ = {
			isa = XCConfigurationList;
			buildConfigurations = (
				9C95F0C123BD607A007199D4 /* Debug */,
				9C95F0C223BD607A007199D4 /* Release */,
			);
			defaultConfigurationIsVisible = 0;
			defaultConfigurationName = Release;
		};
		9C95F0C323BD607A007199D4 /* Build configuration list for PBXNativeTarget "DiffableDataSourceSample" */ = {
			isa = XCConfigurationList;
			buildConfigurations = (
				9C95F0C423BD607A007199D4 /* Debug */,
				9C95F0C523BD607A007199D4 /* Release */,
			);
			defaultConfigurationIsVisible = 0;
			defaultConfigurationName = Release;
		};
/* End XCConfigurationList section */
	};
	rootObject = 9C95F0A723BD6074007199D4 /* Project object */;
}
